// !$*UTF8*$!
{
	archiveVersion = 1;
	classes = {
	};
	objectVersion = 46;
	objects = {

/* Begin PBXBuildFile section */
		4935387F1CD85AB40071E524 /* BaseGeometry.m in Sources */ = {isa = PBXBuildFile; fileRef = 493538221CD85AB40071E524 /* BaseGeometry.m */; };
		493538801CD85AB40071E524 /* BezierUtilities.m in Sources */ = {isa = PBXBuildFile; fileRef = 493538241CD85AB40071E524 /* BezierUtilities.m */; };
		493538841CD85AB40071E524 /* Colours.m in Sources */ = {isa = PBXBuildFile; fileRef = 4935382D1CD85AB40071E524 /* Colours.m */; };
		493538851CD85AB40071E524 /* _FBColorComponentCell.m in Sources */ = {isa = PBXBuildFile; fileRef = 493538301CD85AB40071E524 /* _FBColorComponentCell.m */; };
		493538861CD85AB40071E524 /* _FBColorUtils.m in Sources */ = {isa = PBXBuildFile; fileRef = 493538321CD85AB40071E524 /* _FBColorUtils.m */; };
		493538871CD85AB40071E524 /* _FBColorWheelCell.m in Sources */ = {isa = PBXBuildFile; fileRef = 493538341CD85AB40071E524 /* _FBColorWheelCell.m */; };
		493538881CD85AB40071E524 /* _FBKeyboardManager.m in Sources */ = {isa = PBXBuildFile; fileRef = 493538361CD85AB40071E524 /* _FBKeyboardManager.m */; };
		493538891CD85AB40071E524 /* _FBSliderView.m in Sources */ = {isa = PBXBuildFile; fileRef = 493538381CD85AB40071E524 /* _FBSliderView.m */; };
		4935388A1CD85AB40071E524 /* _FBTweakArrayViewController.m in Sources */ = {isa = PBXBuildFile; fileRef = 4935383A1CD85AB40071E524 /* _FBTweakArrayViewController.m */; };
		4935388B1CD85AB40071E524 /* _FBTweakBindObserver.m in Sources */ = {isa = PBXBuildFile; fileRef = 4935383C1CD85AB40071E524 /* _FBTweakBindObserver.m */; };
		4935388C1CD85AB40071E524 /* _FBTweakCategoryViewController.m in Sources */ = {isa = PBXBuildFile; fileRef = 4935383E1CD85AB40071E524 /* _FBTweakCategoryViewController.m */; };
		4935388D1CD85AB40071E524 /* _FBTweakCollectionViewController.m in Sources */ = {isa = PBXBuildFile; fileRef = 493538401CD85AB40071E524 /* _FBTweakCollectionViewController.m */; };
		4935388E1CD85AB40071E524 /* _FBTweakColorViewController.m in Sources */ = {isa = PBXBuildFile; fileRef = 493538421CD85AB40071E524 /* _FBTweakColorViewController.m */; };
		4935388F1CD85AB40071E524 /* _FBTweakColorViewControllerHSBDataSource.m in Sources */ = {isa = PBXBuildFile; fileRef = 493538451CD85AB40071E524 /* _FBTweakColorViewControllerHSBDataSource.m */; };
		493538901CD85AB40071E524 /* _FBTweakColorViewControllerRGBDataSource.m in Sources */ = {isa = PBXBuildFile; fileRef = 493538471CD85AB40071E524 /* _FBTweakColorViewControllerRGBDataSource.m */; };
		493538911CD85AB40071E524 /* _FBTweakDictionaryViewController.m in Sources */ = {isa = PBXBuildFile; fileRef = 493538491CD85AB40071E524 /* _FBTweakDictionaryViewController.m */; };
		493538921CD85AB40071E524 /* _FBTweakTableViewCell.m in Sources */ = {isa = PBXBuildFile; fileRef = 4935384B1CD85AB40071E524 /* _FBTweakTableViewCell.m */; };
		493538931CD85AB40071E524 /* FBTweak.m in Sources */ = {isa = PBXBuildFile; fileRef = 4935384E1CD85AB40071E524 /* FBTweak.m */; };
		493538941CD85AB40071E524 /* FBTweakCategory.m in Sources */ = {isa = PBXBuildFile; fileRef = 493538501CD85AB40071E524 /* FBTweakCategory.m */; };
		493538951CD85AB40071E524 /* FBTweakCollection.m in Sources */ = {isa = PBXBuildFile; fileRef = 493538521CD85AB40071E524 /* FBTweakCollection.m */; };
		493538961CD85AB40071E524 /* FBTweakInline.m in Sources */ = {isa = PBXBuildFile; fileRef = 493538551CD85AB40071E524 /* FBTweakInline.m */; };
		493538971CD85AB40071E524 /* FBTweakShakeWindow.m in Sources */ = {isa = PBXBuildFile; fileRef = 493538581CD85AB40071E524 /* FBTweakShakeWindow.m */; };
		493538981CD85AB40071E524 /* FBTweakStore.m in Sources */ = {isa = PBXBuildFile; fileRef = 4935385A1CD85AB40071E524 /* FBTweakStore.m */; };
		493538991CD85AB40071E524 /* FBTweakViewController.m in Sources */ = {isa = PBXBuildFile; fileRef = 4935385C1CD85AB40071E524 /* FBTweakViewController.m */; };
		4935389A1CD85AB40071E524 /* JDMGradientLayer.m in Sources */ = {isa = PBXBuildFile; fileRef = 4935385E1CD85AB40071E524 /* JDMGradientLayer.m */; };
		493538A21CD85AB40071E524 /* SceneKit Additions.m in Sources */ = {isa = PBXBuildFile; fileRef = 493538771CD85AB40071E524 /* SceneKit Additions.m */; };
		493538A51CD85AB40071E524 /* XMLDictionary.m in Sources */ = {isa = PBXBuildFile; fileRef = 4935387E1CD85AB40071E524 /* XMLDictionary.m */; };
		49FDF42E1B61897A006C56D3 /* main.m in Sources */ = {isa = PBXBuildFile; fileRef = 49FDF42D1B61897A006C56D3 /* main.m */; };
		49FDF4311B61897A006C56D3 /* AppDelegate.m in Sources */ = {isa = PBXBuildFile; fileRef = 49FDF4301B61897A006C56D3 /* AppDelegate.m */; };
		49FDF4341B61897A006C56D3 /* ViewController.m in Sources */ = {isa = PBXBuildFile; fileRef = 49FDF4331B61897A006C56D3 /* ViewController.m */; };
		49FDF4371B61897A006C56D3 /* Main.storyboard in Resources */ = {isa = PBXBuildFile; fileRef = 49FDF4351B61897A006C56D3 /* Main.storyboard */; };
		49FDF4391B61897A006C56D3 /* Assets.xcassets in Resources */ = {isa = PBXBuildFile; fileRef = 49FDF4381B61897A006C56D3 /* Assets.xcassets */; };
		49FDF43C1B61897A006C56D3 /* LaunchScreen.storyboard in Resources */ = {isa = PBXBuildFile; fileRef = 49FDF43A1B61897A006C56D3 /* LaunchScreen.storyboard */; };
		49FDF4471B61897A006C56D3 /* CAShapeLayerTestTests.m in Sources */ = {isa = PBXBuildFile; fileRef = 49FDF4461B61897A006C56D3 /* CAShapeLayerTestTests.m */; };
		49FDF4521B61897A006C56D3 /* CAShapeLayerTestUITests.m in Sources */ = {isa = PBXBuildFile; fileRef = 49FDF4511B61897A006C56D3 /* CAShapeLayerTestUITests.m */; };
/* End PBXBuildFile section */

/* Begin PBXContainerItemProxy section */
		49FDF4431B61897A006C56D3 /* PBXContainerItemProxy */ = {
			isa = PBXContainerItemProxy;
			containerPortal = 49FDF4211B61897A006C56D3 /* Project object */;
			proxyType = 1;
			remoteGlobalIDString = 49FDF4281B61897A006C56D3;
			remoteInfo = CAShapeLayerTest;
		};
		49FDF44E1B61897A006C56D3 /* PBXContainerItemProxy */ = {
			isa = PBXContainerItemProxy;
			containerPortal = 49FDF4211B61897A006C56D3 /* Project object */;
			proxyType = 1;
			remoteGlobalIDString = 49FDF4281B61897A006C56D3;
			remoteInfo = CAShapeLayerTest;
		};
/* End PBXContainerItemProxy section */

/* Begin PBXFileReference section */
		493538211CD85AB40071E524 /* BaseGeometry.h */ = {isa = PBXFileReference; fileEncoding = 4; lastKnownFileType = sourcecode.c.h; path = BaseGeometry.h; sourceTree = "<group>"; };
		493538221CD85AB40071E524 /* BaseGeometry.m */ = {isa = PBXFileReference; fileEncoding = 4; lastKnownFileType = sourcecode.c.objc; path = BaseGeometry.m; sourceTree = "<group>"; };
		493538231CD85AB40071E524 /* BezierUtilities.h */ = {isa = PBXFileReference; fileEncoding = 4; lastKnownFileType = sourcecode.c.h; path = BezierUtilities.h; sourceTree = "<group>"; };
		493538241CD85AB40071E524 /* BezierUtilities.m */ = {isa = PBXFileReference; fileEncoding = 4; lastKnownFileType = sourcecode.c.objc; path = BezierUtilities.m; sourceTree = "<group>"; };
		4935382C1CD85AB40071E524 /* Colours.h */ = {isa = PBXFileReference; fileEncoding = 4; lastKnownFileType = sourcecode.c.h; path = Colours.h; sourceTree = "<group>"; };
		4935382D1CD85AB40071E524 /* Colours.m */ = {isa = PBXFileReference; fileEncoding = 4; lastKnownFileType = sourcecode.c.objc; path = Colours.m; sourceTree = "<group>"; };
		4935382F1CD85AB40071E524 /* _FBColorComponentCell.h */ = {isa = PBXFileReference; fileEncoding = 4; lastKnownFileType = sourcecode.c.h; path = _FBColorComponentCell.h; sourceTree = "<group>"; };
		493538301CD85AB40071E524 /* _FBColorComponentCell.m */ = {isa = PBXFileReference; fileEncoding = 4; lastKnownFileType = sourcecode.c.objc; path = _FBColorComponentCell.m; sourceTree = "<group>"; };
		493538311CD85AB40071E524 /* _FBColorUtils.h */ = {isa = PBXFileReference; fileEncoding = 4; lastKnownFileType = sourcecode.c.h; path = _FBColorUtils.h; sourceTree = "<group>"; };
		493538321CD85AB40071E524 /* _FBColorUtils.m */ = {isa = PBXFileReference; fileEncoding = 4; lastKnownFileType = sourcecode.c.objc; path = _FBColorUtils.m; sourceTree = "<group>"; };
		493538331CD85AB40071E524 /* _FBColorWheelCell.h */ = {isa = PBXFileReference; fileEncoding = 4; lastKnownFileType = sourcecode.c.h; path = _FBColorWheelCell.h; sourceTree = "<group>"; };
		493538341CD85AB40071E524 /* _FBColorWheelCell.m */ = {isa = PBXFileReference; fileEncoding = 4; lastKnownFileType = sourcecode.c.objc; path = _FBColorWheelCell.m; sourceTree = "<group>"; };
		493538351CD85AB40071E524 /* _FBKeyboardManager.h */ = {isa = PBXFileReference; fileEncoding = 4; lastKnownFileType = sourcecode.c.h; path = _FBKeyboardManager.h; sourceTree = "<group>"; };
		493538361CD85AB40071E524 /* _FBKeyboardManager.m */ = {isa = PBXFileReference; fileEncoding = 4; lastKnownFileType = sourcecode.c.objc; path = _FBKeyboardManager.m; sourceTree = "<group>"; };
		493538371CD85AB40071E524 /* _FBSliderView.h */ = {isa = PBXFileReference; fileEncoding = 4; lastKnownFileType = sourcecode.c.h; path = _FBSliderView.h; sourceTree = "<group>"; };
		493538381CD85AB40071E524 /* _FBSliderView.m */ = {isa = PBXFileReference; fileEncoding = 4; lastKnownFileType = sourcecode.c.objc; path = _FBSliderView.m; sourceTree = "<group>"; };
		493538391CD85AB40071E524 /* _FBTweakArrayViewController.h */ = {isa = PBXFileReference; fileEncoding = 4; lastKnownFileType = sourcecode.c.h; path = _FBTweakArrayViewController.h; sourceTree = "<group>"; };
		4935383A1CD85AB40071E524 /* _FBTweakArrayViewController.m */ = {isa = PBXFileReference; fileEncoding = 4; lastKnownFileType = sourcecode.c.objc; path = _FBTweakArrayViewController.m; sourceTree = "<group>"; };
		4935383B1CD85AB40071E524 /* _FBTweakBindObserver.h */ = {isa = PBXFileReference; fileEncoding = 4; lastKnownFileType = sourcecode.c.h; path = _FBTweakBindObserver.h; sourceTree = "<group>"; };
		4935383C1CD85AB40071E524 /* _FBTweakBindObserver.m */ = {isa = PBXFileReference; fileEncoding = 4; lastKnownFileType = sourcecode.c.objc; path = _FBTweakBindObserver.m; sourceTree = "<group>"; };
		4935383D1CD85AB40071E524 /* _FBTweakCategoryViewController.h */ = {isa = PBXFileReference; fileEncoding = 4; lastKnownFileType = sourcecode.c.h; path = _FBTweakCategoryViewController.h; sourceTree = "<group>"; };
		4935383E1CD85AB40071E524 /* _FBTweakCategoryViewController.m */ = {isa = PBXFileReference; fileEncoding = 4; lastKnownFileType = sourcecode.c.objc; path = _FBTweakCategoryViewController.m; sourceTree = "<group>"; };
		4935383F1CD85AB40071E524 /* _FBTweakCollectionViewController.h */ = {isa = PBXFileReference; fileEncoding = 4; lastKnownFileType = sourcecode.c.h; path = _FBTweakCollectionViewController.h; sourceTree = "<group>"; };
		493538401CD85AB40071E524 /* _FBTweakCollectionViewController.m */ = {isa = PBXFileReference; fileEncoding = 4; lastKnownFileType = sourcecode.c.objc; path = _FBTweakCollectionViewController.m; sourceTree = "<group>"; };
		493538411CD85AB40071E524 /* _FBTweakColorViewController.h */ = {isa = PBXFileReference; fileEncoding = 4; lastKnownFileType = sourcecode.c.h; path = _FBTweakColorViewController.h; sourceTree = "<group>"; };
		493538421CD85AB40071E524 /* _FBTweakColorViewController.m */ = {isa = PBXFileReference; fileEncoding = 4; lastKnownFileType = sourcecode.c.objc; path = _FBTweakColorViewController.m; sourceTree = "<group>"; };
		493538431CD85AB40071E524 /* _FBTweakColorViewControllerDataSource.h */ = {isa = PBXFileReference; fileEncoding = 4; lastKnownFileType = sourcecode.c.h; path = _FBTweakColorViewControllerDataSource.h; sourceTree = "<group>"; };
		493538441CD85AB40071E524 /* _FBTweakColorViewControllerHSBDataSource.h */ = {isa = PBXFileReference; fileEncoding = 4; lastKnownFileType = sourcecode.c.h; path = _FBTweakColorViewControllerHSBDataSource.h; sourceTree = "<group>"; };
		493538451CD85AB40071E524 /* _FBTweakColorViewControllerHSBDataSource.m */ = {isa = PBXFileReference; fileEncoding = 4; lastKnownFileType = sourcecode.c.objc; path = _FBTweakColorViewControllerHSBDataSource.m; sourceTree = "<group>"; };
		493538461CD85AB40071E524 /* _FBTweakColorViewControllerRGBDataSource.h */ = {isa = PBXFileReference; fileEncoding = 4; lastKnownFileType = sourcecode.c.h; path = _FBTweakColorViewControllerRGBDataSource.h; sourceTree = "<group>"; };
		493538471CD85AB40071E524 /* _FBTweakColorViewControllerRGBDataSource.m */ = {isa = PBXFileReference; fileEncoding = 4; lastKnownFileType = sourcecode.c.objc; path = _FBTweakColorViewControllerRGBDataSource.m; sourceTree = "<group>"; };
		493538481CD85AB40071E524 /* _FBTweakDictionaryViewController.h */ = {isa = PBXFileReference; fileEncoding = 4; lastKnownFileType = sourcecode.c.h; path = _FBTweakDictionaryViewController.h; sourceTree = "<group>"; };
		493538491CD85AB40071E524 /* _FBTweakDictionaryViewController.m */ = {isa = PBXFileReference; fileEncoding = 4; lastKnownFileType = sourcecode.c.objc; path = _FBTweakDictionaryViewController.m; sourceTree = "<group>"; };
		4935384A1CD85AB40071E524 /* _FBTweakTableViewCell.h */ = {isa = PBXFileReference; fileEncoding = 4; lastKnownFileType = sourcecode.c.h; path = _FBTweakTableViewCell.h; sourceTree = "<group>"; };
		4935384B1CD85AB40071E524 /* _FBTweakTableViewCell.m */ = {isa = PBXFileReference; fileEncoding = 4; lastKnownFileType = sourcecode.c.objc; path = _FBTweakTableViewCell.m; sourceTree = "<group>"; };
		4935384C1CD85AB40071E524 /* FBTweak-Prefix.pch */ = {isa = PBXFileReference; fileEncoding = 4; lastKnownFileType = sourcecode.c.h; path = "FBTweak-Prefix.pch"; sourceTree = "<group>"; };
		4935384D1CD85AB40071E524 /* FBTweak.h */ = {isa = PBXFileReference; fileEncoding = 4; lastKnownFileType = sourcecode.c.h; path = FBTweak.h; sourceTree = "<group>"; };
		4935384E1CD85AB40071E524 /* FBTweak.m */ = {isa = PBXFileReference; fileEncoding = 4; lastKnownFileType = sourcecode.c.objc; path = FBTweak.m; sourceTree = "<group>"; };
		4935384F1CD85AB40071E524 /* FBTweakCategory.h */ = {isa = PBXFileReference; fileEncoding = 4; lastKnownFileType = sourcecode.c.h; path = FBTweakCategory.h; sourceTree = "<group>"; };
		493538501CD85AB40071E524 /* FBTweakCategory.m */ = {isa = PBXFileReference; fileEncoding = 4; lastKnownFileType = sourcecode.c.objc; path = FBTweakCategory.m; sourceTree = "<group>"; };
		493538511CD85AB40071E524 /* FBTweakCollection.h */ = {isa = PBXFileReference; fileEncoding = 4; lastKnownFileType = sourcecode.c.h; path = FBTweakCollection.h; sourceTree = "<group>"; };
		493538521CD85AB40071E524 /* FBTweakCollection.m */ = {isa = PBXFileReference; fileEncoding = 4; lastKnownFileType = sourcecode.c.objc; path = FBTweakCollection.m; sourceTree = "<group>"; };
		493538531CD85AB40071E524 /* FBTweakEnabled.h */ = {isa = PBXFileReference; fileEncoding = 4; lastKnownFileType = sourcecode.c.h; path = FBTweakEnabled.h; sourceTree = "<group>"; };
		493538541CD85AB40071E524 /* FBTweakInline.h */ = {isa = PBXFileReference; fileEncoding = 4; lastKnownFileType = sourcecode.c.h; path = FBTweakInline.h; sourceTree = "<group>"; };
		493538551CD85AB40071E524 /* FBTweakInline.m */ = {isa = PBXFileReference; fileEncoding = 4; lastKnownFileType = sourcecode.c.objc; path = FBTweakInline.m; sourceTree = "<group>"; };
		493538561CD85AB40071E524 /* FBTweakInlineInternal.h */ = {isa = PBXFileReference; fileEncoding = 4; lastKnownFileType = sourcecode.c.h; path = FBTweakInlineInternal.h; sourceTree = "<group>"; };
		493538571CD85AB40071E524 /* FBTweakShakeWindow.h */ = {isa = PBXFileReference; fileEncoding = 4; lastKnownFileType = sourcecode.c.h; path = FBTweakShakeWindow.h; sourceTree = "<group>"; };
		493538581CD85AB40071E524 /* FBTweakShakeWindow.m */ = {isa = PBXFileReference; fileEncoding = 4; lastKnownFileType = sourcecode.c.objc; path = FBTweakShakeWindow.m; sourceTree = "<group>"; };
		493538591CD85AB40071E524 /* FBTweakStore.h */ = {isa = PBXFileReference; fileEncoding = 4; lastKnownFileType = sourcecode.c.h; path = FBTweakStore.h; sourceTree = "<group>"; };
		4935385A1CD85AB40071E524 /* FBTweakStore.m */ = {isa = PBXFileReference; fileEncoding = 4; lastKnownFileType = sourcecode.c.objc; path = FBTweakStore.m; sourceTree = "<group>"; };
		4935385B1CD85AB40071E524 /* FBTweakViewController.h */ = {isa = PBXFileReference; fileEncoding = 4; lastKnownFileType = sourcecode.c.h; path = FBTweakViewController.h; sourceTree = "<group>"; };
		4935385C1CD85AB40071E524 /* FBTweakViewController.m */ = {isa = PBXFileReference; fileEncoding = 4; lastKnownFileType = sourcecode.c.objc; path = FBTweakViewController.m; sourceTree = "<group>"; };
		4935385D1CD85AB40071E524 /* JDMGradientLayer.h */ = {isa = PBXFileReference; fileEncoding = 4; lastKnownFileType = sourcecode.c.h; path = JDMGradientLayer.h; sourceTree = "<group>"; };
		4935385E1CD85AB40071E524 /* JDMGradientLayer.m */ = {isa = PBXFileReference; fileEncoding = 4; lastKnownFileType = sourcecode.c.objc; path = JDMGradientLayer.m; sourceTree = "<group>"; };
		4935385F1CD85AB40071E524 /* JDMUtility.h */ = {isa = PBXFileReference; fileEncoding = 4; lastKnownFileType = sourcecode.c.h; path = JDMUtility.h; sourceTree = "<group>"; };
		493538761CD85AB40071E524 /* SceneKit Additions.h */ = {isa = PBXFileReference; fileEncoding = 4; lastKnownFileType = sourcecode.c.h; path = "SceneKit Additions.h"; sourceTree = "<group>"; };
		493538771CD85AB40071E524 /* SceneKit Additions.m */ = {isa = PBXFileReference; fileEncoding = 4; lastKnownFileType = sourcecode.c.objc; path = "SceneKit Additions.m"; sourceTree = "<group>"; };
		4935387D1CD85AB40071E524 /* XMLDictionary.h */ = {isa = PBXFileReference; fileEncoding = 4; lastKnownFileType = sourcecode.c.h; path = XMLDictionary.h; sourceTree = "<group>"; };
		4935387E1CD85AB40071E524 /* XMLDictionary.m */ = {isa = PBXFileReference; fileEncoding = 4; lastKnownFileType = sourcecode.c.objc; path = XMLDictionary.m; sourceTree = "<group>"; };
		49FDF4291B61897A006C56D3 /* CAShapeLayerTest.app */ = {isa = PBXFileReference; explicitFileType = wrapper.application; includeInIndex = 0; path = CAShapeLayerTest.app; sourceTree = BUILT_PRODUCTS_DIR; };
		49FDF42D1B61897A006C56D3 /* main.m */ = {isa = PBXFileReference; lastKnownFileType = sourcecode.c.objc; path = main.m; sourceTree = "<group>"; };
		49FDF42F1B61897A006C56D3 /* AppDelegate.h */ = {isa = PBXFileReference; lastKnownFileType = sourcecode.c.h; path = AppDelegate.h; sourceTree = "<group>"; };
		49FDF4301B61897A006C56D3 /* AppDelegate.m */ = {isa = PBXFileReference; lastKnownFileType = sourcecode.c.objc; path = AppDelegate.m; sourceTree = "<group>"; };
		49FDF4321B61897A006C56D3 /* ViewController.h */ = {isa = PBXFileReference; lastKnownFileType = sourcecode.c.h; path = ViewController.h; sourceTree = "<group>"; };
		49FDF4331B61897A006C56D3 /* ViewController.m */ = {isa = PBXFileReference; lastKnownFileType = sourcecode.c.objc; path = ViewController.m; sourceTree = "<group>"; };
		49FDF4361B61897A006C56D3 /* Base */ = {isa = PBXFileReference; lastKnownFileType = file.storyboard; name = Base; path = Base.lproj/Main.storyboard; sourceTree = "<group>"; };
		49FDF4381B61897A006C56D3 /* Assets.xcassets */ = {isa = PBXFileReference; lastKnownFileType = folder.assetcatalog; path = Assets.xcassets; sourceTree = "<group>"; };
		49FDF43B1B61897A006C56D3 /* Base */ = {isa = PBXFileReference; lastKnownFileType = file.storyboard; name = Base; path = Base.lproj/LaunchScreen.storyboard; sourceTree = "<group>"; };
		49FDF43D1B61897A006C56D3 /* Info.plist */ = {isa = PBXFileReference; lastKnownFileType = text.plist.xml; path = Info.plist; sourceTree = "<group>"; };
		49FDF4421B61897A006C56D3 /* CAShapeLayerTestTests.xctest */ = {isa = PBXFileReference; explicitFileType = wrapper.cfbundle; includeInIndex = 0; path = CAShapeLayerTestTests.xctest; sourceTree = BUILT_PRODUCTS_DIR; };
		49FDF4461B61897A006C56D3 /* CAShapeLayerTestTests.m */ = {isa = PBXFileReference; lastKnownFileType = sourcecode.c.objc; path = CAShapeLayerTestTests.m; sourceTree = "<group>"; };
		49FDF4481B61897A006C56D3 /* Info.plist */ = {isa = PBXFileReference; lastKnownFileType = text.plist.xml; path = Info.plist; sourceTree = "<group>"; };
		49FDF44D1B61897A006C56D3 /* CAShapeLayerTestUITests.xctest */ = {isa = PBXFileReference; explicitFileType = wrapper.cfbundle; includeInIndex = 0; path = CAShapeLayerTestUITests.xctest; sourceTree = BUILT_PRODUCTS_DIR; };
		49FDF4511B61897A006C56D3 /* CAShapeLayerTestUITests.m */ = {isa = PBXFileReference; lastKnownFileType = sourcecode.c.objc; path = CAShapeLayerTestUITests.m; sourceTree = "<group>"; };
		49FDF4531B61897A006C56D3 /* Info.plist */ = {isa = PBXFileReference; lastKnownFileType = text.plist.xml; path = Info.plist; sourceTree = "<group>"; };
/* End PBXFileReference section */

/* Begin PBXFrameworksBuildPhase section */
		49FDF4261B61897A006C56D3 /* Frameworks */ = {
			isa = PBXFrameworksBuildPhase;
			buildActionMask = 2147483647;
			files = (
			);
			runOnlyForDeploymentPostprocessing = 0;
		};
		49FDF43F1B61897A006C56D3 /* Frameworks */ = {
			isa = PBXFrameworksBuildPhase;
			buildActionMask = 2147483647;
			files = (
			);
			runOnlyForDeploymentPostprocessing = 0;
		};
		49FDF44A1B61897A006C56D3 /* Frameworks */ = {
			isa = PBXFrameworksBuildPhase;
			buildActionMask = 2147483647;
			files = (
			);
			runOnlyForDeploymentPostprocessing = 0;
		};
/* End PBXFrameworksBuildPhase section */

/* Begin PBXGroup section */
		493538201CD85AB40071E524 /* JDMUtility */ = {
			isa = PBXGroup;
			children = (
				493538211CD85AB40071E524 /* BaseGeometry.h */,
				493538221CD85AB40071E524 /* BaseGeometry.m */,
				493538231CD85AB40071E524 /* BezierUtilities.h */,
				493538241CD85AB40071E524 /* BezierUtilities.m */,
				4935382C1CD85AB40071E524 /* Colours.h */,
				4935382D1CD85AB40071E524 /* Colours.m */,
				4935382E1CD85AB40071E524 /* FBTweak */,
				4935385D1CD85AB40071E524 /* JDMGradientLayer.h */,
				4935385E1CD85AB40071E524 /* JDMGradientLayer.m */,
				4935385F1CD85AB40071E524 /* JDMUtility.h */,
				493538761CD85AB40071E524 /* SceneKit Additions.h */,
				493538771CD85AB40071E524 /* SceneKit Additions.m */,
				4935387C1CD85AB40071E524 /* XMLDictionary */,
			);
			path = JDMUtility;
			sourceTree = "<group>";
		};
		4935382E1CD85AB40071E524 /* FBTweak */ = {
			isa = PBXGroup;
			children = (
				4935382F1CD85AB40071E524 /* _FBColorComponentCell.h */,
				493538301CD85AB40071E524 /* _FBColorComponentCell.m */,
				493538311CD85AB40071E524 /* _FBColorUtils.h */,
				493538321CD85AB40071E524 /* _FBColorUtils.m */,
				493538331CD85AB40071E524 /* _FBColorWheelCell.h */,
				493538341CD85AB40071E524 /* _FBColorWheelCell.m */,
				493538351CD85AB40071E524 /* _FBKeyboardManager.h */,
				493538361CD85AB40071E524 /* _FBKeyboardManager.m */,
				493538371CD85AB40071E524 /* _FBSliderView.h */,
				493538381CD85AB40071E524 /* _FBSliderView.m */,
				493538391CD85AB40071E524 /* _FBTweakArrayViewController.h */,
				4935383A1CD85AB40071E524 /* _FBTweakArrayViewController.m */,
				4935383B1CD85AB40071E524 /* _FBTweakBindObserver.h */,
				4935383C1CD85AB40071E524 /* _FBTweakBindObserver.m */,
				4935383D1CD85AB40071E524 /* _FBTweakCategoryViewController.h */,
				4935383E1CD85AB40071E524 /* _FBTweakCategoryViewController.m */,
				4935383F1CD85AB40071E524 /* _FBTweakCollectionViewController.h */,
				493538401CD85AB40071E524 /* _FBTweakCollectionViewController.m */,
				493538411CD85AB40071E524 /* _FBTweakColorViewController.h */,
				493538421CD85AB40071E524 /* _FBTweakColorViewController.m */,
				493538431CD85AB40071E524 /* _FBTweakColorViewControllerDataSource.h */,
				493538441CD85AB40071E524 /* _FBTweakColorViewControllerHSBDataSource.h */,
				493538451CD85AB40071E524 /* _FBTweakColorViewControllerHSBDataSource.m */,
				493538461CD85AB40071E524 /* _FBTweakColorViewControllerRGBDataSource.h */,
				493538471CD85AB40071E524 /* _FBTweakColorViewControllerRGBDataSource.m */,
				493538481CD85AB40071E524 /* _FBTweakDictionaryViewController.h */,
				493538491CD85AB40071E524 /* _FBTweakDictionaryViewController.m */,
				4935384A1CD85AB40071E524 /* _FBTweakTableViewCell.h */,
				4935384B1CD85AB40071E524 /* _FBTweakTableViewCell.m */,
				4935384C1CD85AB40071E524 /* FBTweak-Prefix.pch */,
				4935384D1CD85AB40071E524 /* FBTweak.h */,
				4935384E1CD85AB40071E524 /* FBTweak.m */,
				4935384F1CD85AB40071E524 /* FBTweakCategory.h */,
				493538501CD85AB40071E524 /* FBTweakCategory.m */,
				493538511CD85AB40071E524 /* FBTweakCollection.h */,
				493538521CD85AB40071E524 /* FBTweakCollection.m */,
				493538531CD85AB40071E524 /* FBTweakEnabled.h */,
				493538541CD85AB40071E524 /* FBTweakInline.h */,
				493538551CD85AB40071E524 /* FBTweakInline.m */,
				493538561CD85AB40071E524 /* FBTweakInlineInternal.h */,
				493538571CD85AB40071E524 /* FBTweakShakeWindow.h */,
				493538581CD85AB40071E524 /* FBTweakShakeWindow.m */,
				493538591CD85AB40071E524 /* FBTweakStore.h */,
				4935385A1CD85AB40071E524 /* FBTweakStore.m */,
				4935385B1CD85AB40071E524 /* FBTweakViewController.h */,
				4935385C1CD85AB40071E524 /* FBTweakViewController.m */,
			);
			path = FBTweak;
			sourceTree = "<group>";
		};
		4935387C1CD85AB40071E524 /* XMLDictionary */ = {
			isa = PBXGroup;
			children = (
				4935387D1CD85AB40071E524 /* XMLDictionary.h */,
				4935387E1CD85AB40071E524 /* XMLDictionary.m */,
			);
			path = XMLDictionary;
			sourceTree = "<group>";
		};
		49FDF4201B61897A006C56D3 = {
			isa = PBXGroup;
			children = (
				493538201CD85AB40071E524 /* JDMUtility */,
				49FDF42B1B61897A006C56D3 /* CAShapeLayerTest */,
				49FDF4451B61897A006C56D3 /* CAShapeLayerTestTests */,
				49FDF4501B61897A006C56D3 /* CAShapeLayerTestUITests */,
				49FDF42A1B61897A006C56D3 /* Products */,
			);
			sourceTree = "<group>";
		};
		49FDF42A1B61897A006C56D3 /* Products */ = {
			isa = PBXGroup;
			children = (
				49FDF4291B61897A006C56D3 /* CAShapeLayerTest.app */,
				49FDF4421B61897A006C56D3 /* CAShapeLayerTestTests.xctest */,
				49FDF44D1B61897A006C56D3 /* CAShapeLayerTestUITests.xctest */,
			);
			name = Products;
			sourceTree = "<group>";
		};
		49FDF42B1B61897A006C56D3 /* CAShapeLayerTest */ = {
			isa = PBXGroup;
			children = (
				49FDF42F1B61897A006C56D3 /* AppDelegate.h */,
				49FDF4301B61897A006C56D3 /* AppDelegate.m */,
				49FDF4321B61897A006C56D3 /* ViewController.h */,
				49FDF4331B61897A006C56D3 /* ViewController.m */,
				49FDF4351B61897A006C56D3 /* Main.storyboard */,
				49FDF4381B61897A006C56D3 /* Assets.xcassets */,
				49FDF43A1B61897A006C56D3 /* LaunchScreen.storyboard */,
				49FDF43D1B61897A006C56D3 /* Info.plist */,
				49FDF42C1B61897A006C56D3 /* Supporting Files */,
			);
			path = CAShapeLayerTest;
			sourceTree = "<group>";
		};
		49FDF42C1B61897A006C56D3 /* Supporting Files */ = {
			isa = PBXGroup;
			children = (
				49FDF42D1B61897A006C56D3 /* main.m */,
			);
			name = "Supporting Files";
			sourceTree = "<group>";
		};
		49FDF4451B61897A006C56D3 /* CAShapeLayerTestTests */ = {
			isa = PBXGroup;
			children = (
				49FDF4461B61897A006C56D3 /* CAShapeLayerTestTests.m */,
				49FDF4481B61897A006C56D3 /* Info.plist */,
			);
			path = CAShapeLayerTestTests;
			sourceTree = "<group>";
		};
		49FDF4501B61897A006C56D3 /* CAShapeLayerTestUITests */ = {
			isa = PBXGroup;
			children = (
				49FDF4511B61897A006C56D3 /* CAShapeLayerTestUITests.m */,
				49FDF4531B61897A006C56D3 /* Info.plist */,
			);
			path = CAShapeLayerTestUITests;
			sourceTree = "<group>";
		};
/* End PBXGroup section */

/* Begin PBXNativeTarget section */
		49FDF4281B61897A006C56D3 /* CAShapeLayerTest */ = {
			isa = PBXNativeTarget;
			buildConfigurationList = 49FDF4561B61897B006C56D3 /* Build configuration list for PBXNativeTarget "CAShapeLayerTest" */;
			buildPhases = (
				49FDF4251B61897A006C56D3 /* Sources */,
				49FDF4261B61897A006C56D3 /* Frameworks */,
				49FDF4271B61897A006C56D3 /* Resources */,
			);
			buildRules = (
			);
			dependencies = (
			);
			name = CAShapeLayerTest;
			productName = CAShapeLayerTest;
			productReference = 49FDF4291B61897A006C56D3 /* CAShapeLayerTest.app */;
			productType = "com.apple.product-type.application";
		};
		49FDF4411B61897A006C56D3 /* CAShapeLayerTestTests */ = {
			isa = PBXNativeTarget;
			buildConfigurationList = 49FDF4591B61897B006C56D3 /* Build configuration list for PBXNativeTarget "CAShapeLayerTestTests" */;
			buildPhases = (
				49FDF43E1B61897A006C56D3 /* Sources */,
				49FDF43F1B61897A006C56D3 /* Frameworks */,
				49FDF4401B61897A006C56D3 /* Resources */,
			);
			buildRules = (
			);
			dependencies = (
				49FDF4441B61897A006C56D3 /* PBXTargetDependency */,
			);
			name = CAShapeLayerTestTests;
			productName = CAShapeLayerTestTests;
			productReference = 49FDF4421B61897A006C56D3 /* CAShapeLayerTestTests.xctest */;
			productType = "com.apple.product-type.bundle.unit-test";
		};
		49FDF44C1B61897A006C56D3 /* CAShapeLayerTestUITests */ = {
			isa = PBXNativeTarget;
			buildConfigurationList = 49FDF45C1B61897B006C56D3 /* Build configuration list for PBXNativeTarget "CAShapeLayerTestUITests" */;
			buildPhases = (
				49FDF4491B61897A006C56D3 /* Sources */,
				49FDF44A1B61897A006C56D3 /* Frameworks */,
				49FDF44B1B61897A006C56D3 /* Resources */,
			);
			buildRules = (
			);
			dependencies = (
				49FDF44F1B61897A006C56D3 /* PBXTargetDependency */,
			);
			name = CAShapeLayerTestUITests;
			productName = CAShapeLayerTestUITests;
			productReference = 49FDF44D1B61897A006C56D3 /* CAShapeLayerTestUITests.xctest */;
			productType = "com.apple.product-type.bundle.ui-testing";
		};
/* End PBXNativeTarget section */

/* Begin PBXProject section */
		49FDF4211B61897A006C56D3 /* Project object */ = {
			isa = PBXProject;
			attributes = {
				LastUpgradeCheck = 0700;
				ORGANIZATIONNAME = "Justin Madewell";
				TargetAttributes = {
					49FDF4281B61897A006C56D3 = {
						CreatedOnToolsVersion = 7.0;
					};
					49FDF4411B61897A006C56D3 = {
						CreatedOnToolsVersion = 7.0;
						TestTargetID = 49FDF4281B61897A006C56D3;
					};
					49FDF44C1B61897A006C56D3 = {
						CreatedOnToolsVersion = 7.0;
						TestTargetID = 49FDF4281B61897A006C56D3;
					};
				};
			};
			buildConfigurationList = 49FDF4241B61897A006C56D3 /* Build configuration list for PBXProject "CAShapeLayerTest" */;
			compatibilityVersion = "Xcode 3.2";
			developmentRegion = English;
			hasScannedForEncodings = 0;
			knownRegions = (
				en,
				Base,
			);
			mainGroup = 49FDF4201B61897A006C56D3;
			productRefGroup = 49FDF42A1B61897A006C56D3 /* Products */;
			projectDirPath = "";
			projectRoot = "";
			targets = (
				49FDF4281B61897A006C56D3 /* CAShapeLayerTest */,
				49FDF4411B61897A006C56D3 /* CAShapeLayerTestTests */,
				49FDF44C1B61897A006C56D3 /* CAShapeLayerTestUITests */,
			);
		};
/* End PBXProject section */

/* Begin PBXResourcesBuildPhase section */
		49FDF4271B61897A006C56D3 /* Resources */ = {
			isa = PBXResourcesBuildPhase;
			buildActionMask = 2147483647;
			files = (
				49FDF43C1B61897A006C56D3 /* LaunchScreen.storyboard in Resources */,
				49FDF4391B61897A006C56D3 /* Assets.xcassets in Resources */,
				49FDF4371B61897A006C56D3 /* Main.storyboard in Resources */,
			);
			runOnlyForDeploymentPostprocessing = 0;
		};
		49FDF4401B61897A006C56D3 /* Resources */ = {
			isa = PBXResourcesBuildPhase;
			buildActionMask = 2147483647;
			files = (
			);
			runOnlyForDeploymentPostprocessing = 0;
		};
		49FDF44B1B61897A006C56D3 /* Resources */ = {
			isa = PBXResourcesBuildPhase;
			buildActionMask = 2147483647;
			files = (
			);
			runOnlyForDeploymentPostprocessing = 0;
		};
/* End PBXResourcesBuildPhase section */

/* Begin PBXSourcesBuildPhase section */
		49FDF4251B61897A006C56D3 /* Sources */ = {
			isa = PBXSourcesBuildPhase;
			buildActionMask = 2147483647;
			files = (
				493538A21CD85AB40071E524 /* SceneKit Additions.m in Sources */,
				4935388D1CD85AB40071E524 /* _FBTweakCollectionViewController.m in Sources */,
				493538901CD85AB40071E524 /* _FBTweakColorViewControllerRGBDataSource.m in Sources */,
				4935388F1CD85AB40071E524 /* _FBTweakColorViewControllerHSBDataSource.m in Sources */,
				493538871CD85AB40071E524 /* _FBColorWheelCell.m in Sources */,
				493538981CD85AB40071E524 /* FBTweakStore.m in Sources */,
				4935387F1CD85AB40071E524 /* BaseGeometry.m in Sources */,
				4935388C1CD85AB40071E524 /* _FBTweakCategoryViewController.m in Sources */,
				493538891CD85AB40071E524 /* _FBSliderView.m in Sources */,
				493538931CD85AB40071E524 /* FBTweak.m in Sources */,
				4935388E1CD85AB40071E524 /* _FBTweakColorViewController.m in Sources */,
				493538961CD85AB40071E524 /* FBTweakInline.m in Sources */,
				49FDF4341B61897A006C56D3 /* ViewController.m in Sources */,
				493538A51CD85AB40071E524 /* XMLDictionary.m in Sources */,
				49FDF4311B61897A006C56D3 /* AppDelegate.m in Sources */,
				493538801CD85AB40071E524 /* BezierUtilities.m in Sources */,
				493538971CD85AB40071E524 /* FBTweakShakeWindow.m in Sources */,
				4935388B1CD85AB40071E524 /* _FBTweakBindObserver.m in Sources */,
				493538851CD85AB40071E524 /* _FBColorComponentCell.m in Sources */,
				493538881CD85AB40071E524 /* _FBKeyboardManager.m in Sources */,
				493538841CD85AB40071E524 /* Colours.m in Sources */,
				4935388A1CD85AB40071E524 /* _FBTweakArrayViewController.m in Sources */,
				4935389A1CD85AB40071E524 /* JDMGradientLayer.m in Sources */,
				493538861CD85AB40071E524 /* _FBColorUtils.m in Sources */,
				493538941CD85AB40071E524 /* FBTweakCategory.m in Sources */,
				49FDF42E1B61897A006C56D3 /* main.m in Sources */,
				493538921CD85AB40071E524 /* _FBTweakTableViewCell.m in Sources */,
				493538951CD85AB40071E524 /* FBTweakCollection.m in Sources */,
				493538911CD85AB40071E524 /* _FBTweakDictionaryViewController.m in Sources */,
				493538991CD85AB40071E524 /* FBTweakViewController.m in Sources */,
			);
			runOnlyForDeploymentPostprocessing = 0;
		};
		49FDF43E1B61897A006C56D3 /* Sources */ = {
			isa = PBXSourcesBuildPhase;
			buildActionMask = 2147483647;
			files = (
				49FDF4471B61897A006C56D3 /* CAShapeLayerTestTests.m in Sources */,
			);
			runOnlyForDeploymentPostprocessing = 0;
		};
		49FDF4491B61897A006C56D3 /* Sources */ = {
			isa = PBXSourcesBuildPhase;
			buildActionMask = 2147483647;
			files = (
				49FDF4521B61897A006C56D3 /* CAShapeLayerTestUITests.m in Sources */,
			);
			runOnlyForDeploymentPostprocessing = 0;
		};
/* End PBXSourcesBuildPhase section */

/* Begin PBXTargetDependency section */
		49FDF4441B61897A006C56D3 /* PBXTargetDependency */ = {
			isa = PBXTargetDependency;
			target = 49FDF4281B61897A006C56D3 /* CAShapeLayerTest */;
			targetProxy = 49FDF4431B61897A006C56D3 /* PBXContainerItemProxy */;
		};
		49FDF44F1B61897A006C56D3 /* PBXTargetDependency */ = {
			isa = PBXTargetDependency;
			target = 49FDF4281B61897A006C56D3 /* CAShapeLayerTest */;
			targetProxy = 49FDF44E1B61897A006C56D3 /* PBXContainerItemProxy */;
		};
/* End PBXTargetDependency section */

/* Begin PBXVariantGroup section */
		49FDF4351B61897A006C56D3 /* Main.storyboard */ = {
			isa = PBXVariantGroup;
			children = (
				49FDF4361B61897A006C56D3 /* Base */,
			);
			name = Main.storyboard;
			sourceTree = "<group>";
		};
		49FDF43A1B61897A006C56D3 /* LaunchScreen.storyboard */ = {
			isa = PBXVariantGroup;
			children = (
				49FDF43B1B61897A006C56D3 /* Base */,
			);
			name = LaunchScreen.storyboard;
			sourceTree = "<group>";
		};
/* End PBXVariantGroup section */

/* Begin XCBuildConfiguration section */
		49FDF4541B61897B006C56D3 /* Debug */ = {
			isa = XCBuildConfiguration;
			buildSettings = {
				ALWAYS_SEARCH_USER_PATHS = NO;
				CLANG_CXX_LANGUAGE_STANDARD = "gnu++0x";
				CLANG_CXX_LIBRARY = "libc++";
				CLANG_ENABLE_MODULES = YES;
				CLANG_ENABLE_OBJC_ARC = YES;
				CLANG_WARN_BOOL_CONVERSION = YES;
				CLANG_WARN_CONSTANT_CONVERSION = YES;
				CLANG_WARN_DIRECT_OBJC_ISA_USAGE = YES_ERROR;
				CLANG_WARN_EMPTY_BODY = YES;
				CLANG_WARN_ENUM_CONVERSION = YES;
				CLANG_WARN_INT_CONVERSION = YES;
				CLANG_WARN_OBJC_ROOT_CLASS = YES_ERROR;
				CLANG_WARN_UNREACHABLE_CODE = YES;
				CLANG_WARN__DUPLICATE_METHOD_MATCH = YES;
				"CODE_SIGN_IDENTITY[sdk=iphoneos*]" = "iPhone Developer";
				COPY_PHASE_STRIP = NO;
				DEBUG_INFORMATION_FORMAT = dwarf;
				ENABLE_STRICT_OBJC_MSGSEND = YES;
				ENABLE_TESTABILITY = YES;
				GCC_C_LANGUAGE_STANDARD = gnu99;
				GCC_DYNAMIC_NO_PIC = NO;
				GCC_NO_COMMON_BLOCKS = YES;
				GCC_OPTIMIZATION_LEVEL = 0;
				GCC_PREPROCESSOR_DEFINITIONS = (
					"DEBUG=1",
					"$(inherited)",
				);
				GCC_WARN_64_TO_32_BIT_CONVERSION = YES;
				GCC_WARN_ABOUT_RETURN_TYPE = YES_ERROR;
				GCC_WARN_UNDECLARED_SELECTOR = YES;
				GCC_WARN_UNINITIALIZED_AUTOS = YES_AGGRESSIVE;
				GCC_WARN_UNUSED_FUNCTION = YES;
				GCC_WARN_UNUSED_VARIABLE = YES;
				IPHONEOS_DEPLOYMENT_TARGET = 9.3;
				MTL_ENABLE_DEBUG_INFO = YES;
				ONLY_ACTIVE_ARCH = YES;
				SDKROOT = iphoneos;
				TARGETED_DEVICE_FAMILY = "1,2";
			};
			name = Debug;
		};
		49FDF4551B61897B006C56D3 /* Release */ = {
			isa = XCBuildConfiguration;
			buildSettings = {
				ALWAYS_SEARCH_USER_PATHS = NO;
				CLANG_CXX_LANGUAGE_STANDARD = "gnu++0x";
				CLANG_CXX_LIBRARY = "libc++";
				CLANG_ENABLE_MODULES = YES;
				CLANG_ENABLE_OBJC_ARC = YES;
				CLANG_WARN_BOOL_CONVERSION = YES;
				CLANG_WARN_CONSTANT_CONVERSION = YES;
				CLANG_WARN_DIRECT_OBJC_ISA_USAGE = YES_ERROR;
				CLANG_WARN_EMPTY_BODY = YES;
				CLANG_WARN_ENUM_CONVERSION = YES;
				CLANG_WARN_INT_CONVERSION = YES;
				CLANG_WARN_OBJC_ROOT_CLASS = YES_ERROR;
				CLANG_WARN_UNREACHABLE_CODE = YES;
				CLANG_WARN__DUPLICATE_METHOD_MATCH = YES;
				"CODE_SIGN_IDENTITY[sdk=iphoneos*]" = "iPhone Developer";
				COPY_PHASE_STRIP = NO;
				DEBUG_INFORMATION_FORMAT = "dwarf-with-dsym";
				ENABLE_NS_ASSERTIONS = NO;
				ENABLE_STRICT_OBJC_MSGSEND = YES;
				GCC_C_LANGUAGE_STANDARD = gnu99;
				GCC_NO_COMMON_BLOCKS = YES;
				GCC_WARN_64_TO_32_BIT_CONVERSION = YES;
				GCC_WARN_ABOUT_RETURN_TYPE = YES_ERROR;
				GCC_WARN_UNDECLARED_SELECTOR = YES;
				GCC_WARN_UNINITIALIZED_AUTOS = YES_AGGRESSIVE;
				GCC_WARN_UNUSED_FUNCTION = YES;
				GCC_WARN_UNUSED_VARIABLE = YES;
				IPHONEOS_DEPLOYMENT_TARGET = 9.3;
				MTL_ENABLE_DEBUG_INFO = NO;
				SDKROOT = iphoneos;
				TARGETED_DEVICE_FAMILY = "1,2";
				VALIDATE_PRODUCT = YES;
			};
			name = Release;
		};
		49FDF4571B61897B006C56D3 /* Debug */ = {
			isa = XCBuildConfiguration;
			buildSettings = {
				ASSETCATALOG_COMPILER_APPICON_NAME = AppIcon;
				INFOPLIST_FILE = CAShapeLayerTest/Info.plist;
				IPHONEOS_DEPLOYMENT_TARGET = 9.3;
				LD_RUNPATH_SEARCH_PATHS = "$(inherited) @executable_path/Frameworks";
				PRODUCT_BUNDLE_IDENTIFIER = com.backslashDevelopment.CAShapeLayerTest;
				PRODUCT_NAME = "$(TARGET_NAME)";
			};
			name = Debug;
		};
		49FDF4581B61897B006C56D3 /* Release */ = {
			isa = XCBuildConfiguration;
			buildSettings = {
				ASSETCATALOG_COMPILER_APPICON_NAME = AppIcon;
				INFOPLIST_FILE = CAShapeLayerTest/Info.plist;
				IPHONEOS_DEPLOYMENT_TARGET = 9.3;
				LD_RUNPATH_SEARCH_PATHS = "$(inherited) @executable_path/Frameworks";
				PRODUCT_BUNDLE_IDENTIFIER = com.backslashDevelopment.CAShapeLayerTest;
				PRODUCT_NAME = "$(TARGET_NAME)";
			};
			name = Release;
		};
		49FDF45A1B61897B006C56D3 /* Debug */ = {
			isa = XCBuildConfiguration;
			buildSettings = {
				BUNDLE_LOADER = "$(TEST_HOST)";
				INFOPLIST_FILE = CAShapeLayerTestTests/Info.plist;
				LD_RUNPATH_SEARCH_PATHS = "$(inherited) @executable_path/Frameworks @loader_path/Frameworks";
				PRODUCT_BUNDLE_IDENTIFIER = com.backslashDevelopment.CAShapeLayerTestTests;
				PRODUCT_NAME = "$(TARGET_NAME)";
				TEST_HOST = "$(BUILT_PRODUCTS_DIR)/CAShapeLayerTest.app/CAShapeLayerTest";
			};
			name = Debug;
		};
		49FDF45B1B61897B006C56D3 /* Release */ = {
			isa = XCBuildConfiguration;
			buildSettings = {
				BUNDLE_LOADER = "$(TEST_HOST)";
				INFOPLIST_FILE = CAShapeLayerTestTests/Info.plist;
				LD_RUNPATH_SEARCH_PATHS = "$(inherited) @executable_path/Frameworks @loader_path/Frameworks";
				PRODUCT_BUNDLE_IDENTIFIER = com.backslashDevelopment.CAShapeLayerTestTests;
				PRODUCT_NAME = "$(TARGET_NAME)";
				TEST_HOST = "$(BUILT_PRODUCTS_DIR)/CAShapeLayerTest.app/CAShapeLayerTest";
			};
			name = Release;
		};
		49FDF45D1B61897B006C56D3 /* Debug */ = {
			isa = XCBuildConfiguration;
			buildSettings = {
				INFOPLIST_FILE = CAShapeLayerTestUITests/Info.plist;
				LD_RUNPATH_SEARCH_PATHS = "$(inherited) @executable_path/Frameworks @loader_path/Frameworks";
				PRODUCT_BUNDLE_IDENTIFIER = com.backslashDevelopment.CAShapeLayerTestUITests;
				PRODUCT_NAME = "$(TARGET_NAME)";
				TEST_TARGET_NAME = CAShapeLayerTest;
				USES_XCTRUNNER = YES;
			};
			name = Debug;
		};
		49FDF45E1B61897B006C56D3 /* Release */ = {
			isa = XCBuildConfiguration;
			buildSettings = {
				INFOPLIST_FILE = CAShapeLayerTestUITests/Info.plist;
				LD_RUNPATH_SEARCH_PATHS = "$(inherited) @executable_path/Frameworks @loader_path/Frameworks";
				PRODUCT_BUNDLE_IDENTIFIER = com.backslashDevelopment.CAShapeLayerTestUITests;
				PRODUCT_NAME = "$(TARGET_NAME)";
				TEST_TARGET_NAME = CAShapeLayerTest;
				USES_XCTRUNNER = YES;
			};
			name = Release;
		};
/* End XCBuildConfiguration section */

/* Begin XCConfigurationList section */
		49FDF4241B61897A006C56D3 /* Build configuration list for PBXProject "CAShapeLayerTest" */ = {
			isa = XCConfigurationList;
			buildConfigurations = (
				49FDF4541B61897B006C56D3 /* Debug */,
				49FDF4551B61897B006C56D3 /* Release */,
			);
			defaultConfigurationIsVisible = 0;
			defaultConfigurationName = Release;
		};
		49FDF4561B61897B006C56D3 /* Build configuration list for PBXNativeTarget "CAShapeLayerTest" */ = {
			isa = XCConfigurationList;
			buildConfigurations = (
				49FDF4571B61897B006C56D3 /* Debug */,
				49FDF4581B61897B006C56D3 /* Release */,
			);
			defaultConfigurationIsVisible = 0;
			defaultConfigurationName = Release;
		};
		49FDF4591B61897B006C56D3 /* Build configuration list for PBXNativeTarget "CAShapeLayerTestTests" */ = {
			isa = XCConfigurationList;
			buildConfigurations = (
				49FDF45A1B61897B006C56D3 /* Debug */,
				49FDF45B1B61897B006C56D3 /* Release */,
			);
			defaultConfigurationIsVisible = 0;
			defaultConfigurationName = Release;
		};
		49FDF45C1B61897B006C56D3 /* Build configuration list for PBXNativeTarget "CAShapeLayerTestUITests" */ = {
			isa = XCConfigurationList;
			buildConfigurations = (
				49FDF45D1B61897B006C56D3 /* Debug */,
				49FDF45E1B61897B006C56D3 /* Release */,
			);
			defaultConfigurationIsVisible = 0;
			defaultConfigurationName = Release;
		};
/* End XCConfigurationList section */
	};
	rootObject = 49FDF4211B61897A006C56D3 /* Project object */;
}
